<?xml version="1.0" encoding="utf-8"?>
<Project ToolsVersion="4.0" xmlns="http://schemas.microsoft.com/developer/msbuild/2003">
  <ItemGroup>
    <Filter Include="Source Files">
      <UniqueIdentifier>{4FC737F1-C7A5-4376-A066-2A32D752A2FF}</UniqueIdentifier>
      <Extensions>cpp;c;cc;cxx;c++;cppm;ixx;def;odl;idl;hpj;bat;asm;asmx</Extensions>
    </Filter>
    <Filter Include="Header Files">
      <UniqueIdentifier>{93995380-89BD-4b04-88EB-625FBE52EBFB}</UniqueIdentifier>
      <Extensions>h;hh;hpp;hxx;h++;hm;inl;inc;ipp;xsd</Extensions>
    </Filter>
    <Filter Include="Resource Files">
      <UniqueIdentifier>{67DA6AB6-F800-4c08-8B7A-83BB121AAD01}</UniqueIdentifier>
      <Extensions>rc;ico;cur;bmp;dlg;rc2;rct;bin;rgs;gif;jpg;jpeg;jpe;resx;tiff;tif;png;wav;mfcribbon-ms</Extensions>
    </Filter>
    <Filter Include="Components">
      <UniqueIdentifier>{56d8ec40-eff9-4a72-ad4e-87453178595a}</UniqueIdentifier>
    </Filter>
    <Filter Include="Managers">
      <UniqueIdentifier>{5b45d5b5-5153-4ba5-b52a-722a99610be4}</UniqueIdentifier>
    </Filter>
  </ItemGroup>
  <ItemGroup>
    <ClCompile Include="TronGame.cpp">
      <Filter>Source Files</Filter>
    </ClCompile>
    <ClCompile Include="CustomCommands.cpp">
      <Filter>Source Files</Filter>
    </ClCompile>
    <ClCompile Include="Tron.cpp">
      <Filter>Source Files</Filter>
    </ClCompile>
    <ClCompile Include="TankComponent.cpp">
      <Filter>Components</Filter>
    </ClCompile>
    <ClCompile Include="BulletComponent.cpp">
      <Filter>Components</Filter>
    </ClCompile>
    <ClCompile Include="WallComponent.cpp">
      <Filter>Components</Filter>
    </ClCompile>
    <ClCompile Include="BulletManager.cpp">
      <Filter>Managers</Filter>
    </ClCompile>
  </ItemGroup>
  <ItemGroup>
    <ClInclude Include="TronGame.h">
      <Filter>Header Files</Filter>
    </ClInclude>
    <ClInclude Include="CustomCommands.h">
      <Filter>Header Files</Filter>
    </ClInclude>
    <ClInclude Include="TankComponent.h">
      <Filter>Components</Filter>
    </ClInclude>
    <ClInclude Include="BulletComponent.h">
      <Filter>Components</Filter>
    </ClInclude>
    <ClInclude Include="WallComponent.h">
      <Filter>Components</Filter>
    </ClInclude>
    <ClInclude Include="BulletManager.h">
      <Filter>Managers</Filter>
    </ClInclude>
  </ItemGroup>
</Project>